
Microsoft Visual Studio Solution File, Format Version 12.00
# Visual Studio Version 17
VisualStudioVersion = 17.9.34723.18
MinimumVisualStudioVersion = 10.0.40219.1
Project("{FAE04EC0-301F-11D3-BF4B-00C04F79EFBC}") = "DealerPortalAPI", "DealerPortalAPI\DealerPortalAPI.csproj", "{09DAE714-E55F-4A59-B013-BF8088323EE6}"
EndProject
Global
	GlobalSection(SolutionConfigurationPlatforms) = preSolution
		Debug|Any CPU = Debug|Any CPU
		Release|Any CPU = Release|Any CPU
	EndGlobalSection
	GlobalSection(ProjectConfigurationPlatforms) = postSolution
		{09DAE714-E55F-4A59-B013-BF8088323EE6}.Debug|Any CPU.ActiveCfg = Debug|Any CPU
		{09DAE714-E55F-4A59-B013-BF8088323EE6}.Debug|Any CPU.Build.0 = Debug|Any CPU
		{09DAE714-E55F-4A59-B013-BF8088323EE6}.Release|Any CPU.ActiveCfg = Release|Any CPU
		{09DAE714-E55F-4A59-B013-BF8088323EE6}.Release|Any CPU.Build.0 = Release|Any CPU
	EndGlobalSection
	GlobalSection(SolutionProperties) = preSolution
		HideSolutionNode = FALSE
	EndGlobalSection
	GlobalSection(ExtensibilityGlobals) = postSolution
		SolutionGuid = {69AF3ED3-5957-4798-A104-A2E54612461F}
	EndGlobalSection
EndGlobal
